
Microsoft Visual Studio Solution File, Format Version 12.00
# Visual Studio Version 17
VisualStudioVersion = 17.8.34511.84
MinimumVisualStudioVersion = 10.0.40219.1
Project("{FAE04EC0-301F-11D3-BF4B-00C04F79EFBC}") = "Test AdHanz", "Test AdHanz\Test AdHanz.csproj", "{56DDDA07-F46F-4F20-873B-998B101A2097}"
EndProject
Global
	GlobalSection(SolutionConfigurationPlatforms) = preSolution
		Debug|Any CPU = Debug|Any CPU
		Release|Any CPU = Release|Any CPU
	EndGlobalSection
	GlobalSection(ProjectConfigurationPlatforms) = postSolution
		{56DDDA07-F46F-4F20-873B-998B101A2097}.Debug|Any CPU.ActiveCfg = Debug|Any CPU
		{56DDDA07-F46F-4F20-873B-998B101A2097}.Debug|Any CPU.Build.0 = Debug|Any CPU
		{56DDDA07-F46F-4F20-873B-998B101A2097}.Release|Any CPU.ActiveCfg = Release|Any CPU
		{56DDDA07-F46F-4F20-873B-998B101A2097}.Release|Any CPU.Build.0 = Release|Any CPU
	EndGlobalSection
	GlobalSection(SolutionProperties) = preSolution
		HideSolutionNode = FALSE
	EndGlobalSection
	GlobalSection(ExtensibilityGlobals) = postSolution
		SolutionGuid = {14B6C466-B5EC-47CE-B0D9-82436605DB88}
	EndGlobalSection
EndGlobal
